# This file was autogenerated by Stack.
# You should not edit this file by hand.
# For more information, please see the documentation at:
#   https://docs.haskellstack.org/en/stable/lock_files

packages:
- completed:
    hackage: chalk-0.1.0.2@sha256:63ec3ad86fc827879843fb2981e6c721741a3b6d12a8c56cb932d6fa3c129930,616
    pantry-tree:
      size: 216
      sha256: 4973c99de511207a7283bed9babf95f59aa969f878492903025b1e1e371e4204
  original:
    hackage: chalk-0.1.0.2
snapshots:
- completed:
    size: 563099
    url: https://raw.githubusercontent.com/commercialhaskell/stackage-snapshots/master/lts/17/3.yaml
    sha256: 1e9f31ec160a144f796bc49b91dfc2bab5eca88b1dcc93da569108febaf5b382
  original:
    url: https://raw.githubusercontent.com/commercialhaskell/stackage-snapshots/master/lts/17/3.yaml
